
Microsoft Visual Studio Solution File, Format Version 12.00
# Visual Studio 2013
VisualStudioVersion = 12.0.21005.1
MinimumVisualStudioVersion = 10.0.40219.1
Project("{FAE04EC0-301F-11D3-BF4B-00C04F79EFBC}") = "AngularAspNetSample.Web", "AngularAspNetSample.Web\AngularAspNetSample.Web.csproj", "{8CA11334-6C30-482C-BD83-FFD612992F29}"
EndProject
Project("{FAE04EC0-301F-11D3-BF4B-00C04F79EFBC}") = "AngularAspNetSample.Tests", "AngularAspNetSample.Tests\AngularAspNetSample.Tests.csproj", "{82192437-9DC8-4807-94B9-8199BC5F6F7F}"
EndProject
Project("{FAE04EC0-301F-11D3-BF4B-00C04F79EFBC}") = "AngularAspNetSample.Core", "AngularAspNetSample.Core\AngularAspNetSample.Core.csproj", "{C25DC960-D278-4A78-8DA5-ADA9DB5B492B}"
EndProject
Project("{FAE04EC0-301F-11D3-BF4B-00C04F79EFBC}") = "AngularAspNetSample.Data", "AngularAspNetSample.Data\AngularAspNetSample.Data.csproj", "{71851D97-50EB-484C-86F0-4131982333EE}"
EndProject
Global
	GlobalSection(SolutionConfigurationPlatforms) = preSolution
		Debug|Any CPU = Debug|Any CPU
		Release|Any CPU = Release|Any CPU
	EndGlobalSection
	GlobalSection(ProjectConfigurationPlatforms) = postSolution
		{8CA11334-6C30-482C-BD83-FFD612992F29}.Debug|Any CPU.ActiveCfg = Debug|Any CPU
		{8CA11334-6C30-482C-BD83-FFD612992F29}.Debug|Any CPU.Build.0 = Debug|Any CPU
		{8CA11334-6C30-482C-BD83-FFD612992F29}.Release|Any CPU.ActiveCfg = Release|Any CPU
		{8CA11334-6C30-482C-BD83-FFD612992F29}.Release|Any CPU.Build.0 = Release|Any CPU
		{82192437-9DC8-4807-94B9-8199BC5F6F7F}.Debug|Any CPU.ActiveCfg = Debug|Any CPU
		{82192437-9DC8-4807-94B9-8199BC5F6F7F}.Debug|Any CPU.Build.0 = Debug|Any CPU
		{82192437-9DC8-4807-94B9-8199BC5F6F7F}.Release|Any CPU.ActiveCfg = Release|Any CPU
		{82192437-9DC8-4807-94B9-8199BC5F6F7F}.Release|Any CPU.Build.0 = Release|Any CPU
		{C25DC960-D278-4A78-8DA5-ADA9DB5B492B}.Debug|Any CPU.ActiveCfg = Debug|Any CPU
		{C25DC960-D278-4A78-8DA5-ADA9DB5B492B}.Debug|Any CPU.Build.0 = Debug|Any CPU
		{C25DC960-D278-4A78-8DA5-ADA9DB5B492B}.Release|Any CPU.ActiveCfg = Release|Any CPU
		{C25DC960-D278-4A78-8DA5-ADA9DB5B492B}.Release|Any CPU.Build.0 = Release|Any CPU
		{71851D97-50EB-484C-86F0-4131982333EE}.Debug|Any CPU.ActiveCfg = Debug|Any CPU
		{71851D97-50EB-484C-86F0-4131982333EE}.Debug|Any CPU.Build.0 = Debug|Any CPU
		{71851D97-50EB-484C-86F0-4131982333EE}.Release|Any CPU.ActiveCfg = Release|Any CPU
		{71851D97-50EB-484C-86F0-4131982333EE}.Release|Any CPU.Build.0 = Release|Any CPU
	EndGlobalSection
	GlobalSection(SolutionProperties) = preSolution
		HideSolutionNode = FALSE
	EndGlobalSection
EndGlobal
